
Microsoft Visual Studio Solution File, Format Version 12.00
# Visual Studio Version 16
VisualStudioVersion = 16.0.31129.286
MinimumVisualStudioVersion = 10.0.40219.1
Project("{FAE04EC0-301F-11D3-BF4B-00C04F79EFBC}") = "exercise1", "hw_c_02\exercise1.csproj", "{9FF16E15-5E97-45D9-90C7-65DCF6EF8668}"
EndProject
Project("{FAE04EC0-301F-11D3-BF4B-00C04F79EFBC}") = "exercise2", "exercise2\exercise2.csproj", "{EC9B8372-8E2D-4ADE-BCAE-624E917A68AD}"
EndProject
Project("{FAE04EC0-301F-11D3-BF4B-00C04F79EFBC}") = "exercise3", "exercise3\exercise3.csproj", "{EE828CFE-865E-430B-A565-125974A5B45B}"
EndProject
Project("{FAE04EC0-301F-11D3-BF4B-00C04F79EFBC}") = "exercise4", "exercise4\exercise4.csproj", "{B1401492-5804-49B3-A251-C5D22347338F}"
EndProject
Project("{FAE04EC0-301F-11D3-BF4B-00C04F79EFBC}") = "exercise5", "exercise5\exercise5.csproj", "{99C7FE02-5E34-4BCD-9DBB-F84CB526FBF7}"
EndProject
Global
	GlobalSection(SolutionConfigurationPlatforms) = preSolution
		Debug|Any CPU = Debug|Any CPU
		Release|Any CPU = Release|Any CPU
	EndGlobalSection
	GlobalSection(ProjectConfigurationPlatforms) = postSolution
		{9FF16E15-5E97-45D9-90C7-65DCF6EF8668}.Debug|Any CPU.ActiveCfg = Debug|Any CPU
		{9FF16E15-5E97-45D9-90C7-65DCF6EF8668}.Debug|Any CPU.Build.0 = Debug|Any CPU
		{9FF16E15-5E97-45D9-90C7-65DCF6EF8668}.Release|Any CPU.ActiveCfg = Release|Any CPU
		{9FF16E15-5E97-45D9-90C7-65DCF6EF8668}.Release|Any CPU.Build.0 = Release|Any CPU
		{EC9B8372-8E2D-4ADE-BCAE-624E917A68AD}.Debug|Any CPU.ActiveCfg = Debug|Any CPU
		{EC9B8372-8E2D-4ADE-BCAE-624E917A68AD}.Debug|Any CPU.Build.0 = Debug|Any CPU
		{EC9B8372-8E2D-4ADE-BCAE-624E917A68AD}.Release|Any CPU.ActiveCfg = Release|Any CPU
		{EC9B8372-8E2D-4ADE-BCAE-624E917A68AD}.Release|Any CPU.Build.0 = Release|Any CPU
		{EE828CFE-865E-430B-A565-125974A5B45B}.Debug|Any CPU.ActiveCfg = Debug|Any CPU
		{EE828CFE-865E-430B-A565-125974A5B45B}.Debug|Any CPU.Build.0 = Debug|Any CPU
		{EE828CFE-865E-430B-A565-125974A5B45B}.Release|Any CPU.ActiveCfg = Release|Any CPU
		{EE828CFE-865E-430B-A565-125974A5B45B}.Release|Any CPU.Build.0 = Release|Any CPU
		{B1401492-5804-49B3-A251-C5D22347338F}.Debug|Any CPU.ActiveCfg = Debug|Any CPU
		{B1401492-5804-49B3-A251-C5D22347338F}.Debug|Any CPU.Build.0 = Debug|Any CPU
		{B1401492-5804-49B3-A251-C5D22347338F}.Release|Any CPU.ActiveCfg = Release|Any CPU
		{B1401492-5804-49B3-A251-C5D22347338F}.Release|Any CPU.Build.0 = Release|Any CPU
		{99C7FE02-5E34-4BCD-9DBB-F84CB526FBF7}.Debug|Any CPU.ActiveCfg = Debug|Any CPU
		{99C7FE02-5E34-4BCD-9DBB-F84CB526FBF7}.Debug|Any CPU.Build.0 = Debug|Any CPU
		{99C7FE02-5E34-4BCD-9DBB-F84CB526FBF7}.Release|Any CPU.ActiveCfg = Release|Any CPU
		{99C7FE02-5E34-4BCD-9DBB-F84CB526FBF7}.Release|Any CPU.Build.0 = Release|Any CPU
	EndGlobalSection
	GlobalSection(SolutionProperties) = preSolution
		HideSolutionNode = FALSE
	EndGlobalSection
	GlobalSection(ExtensibilityGlobals) = postSolution
		SolutionGuid = {D4974E6A-7FE7-4169-8A59-FE3D166B3834}
	EndGlobalSection
EndGlobal
